
Microsoft Visual Studio Solution File, Format Version 12.00
# Visual Studio 15
VisualStudioVersion = 15.0.28307.1062
MinimumVisualStudioVersion = 10.0.40219.1
Project("{9A19103F-16F7-4668-BE54-9A1E7A4F7556}") = "WebStore", "WebStore\WebStore.csproj", "{811646E8-E034-46C6-8FFB-66F9DF86F2AD}"
EndProject
Project("{9A19103F-16F7-4668-BE54-9A1E7A4F7556}") = "WebStore.DAL", "WebStore.DAL\WebStore.DAL.csproj", "{F15CAF0A-3B90-4545-835A-06965E5DB240}"
EndProject
Project("{9A19103F-16F7-4668-BE54-9A1E7A4F7556}") = "WebStore.DomainNew", "WebStore.DomainNew\WebStore.DomainNew.csproj", "{CDE849CD-8FC0-4D25-B7C6-B2C437B1AC62}"
EndProject
Global
	GlobalSection(SolutionConfigurationPlatforms) = preSolution
		Debug|Any CPU = Debug|Any CPU
		Release|Any CPU = Release|Any CPU
	EndGlobalSection
	GlobalSection(ProjectConfigurationPlatforms) = postSolution
		{811646E8-E034-46C6-8FFB-66F9DF86F2AD}.Debug|Any CPU.ActiveCfg = Debug|Any CPU
		{811646E8-E034-46C6-8FFB-66F9DF86F2AD}.Debug|Any CPU.Build.0 = Debug|Any CPU
		{811646E8-E034-46C6-8FFB-66F9DF86F2AD}.Release|Any CPU.ActiveCfg = Release|Any CPU
		{811646E8-E034-46C6-8FFB-66F9DF86F2AD}.Release|Any CPU.Build.0 = Release|Any CPU
		{F15CAF0A-3B90-4545-835A-06965E5DB240}.Debug|Any CPU.ActiveCfg = Debug|Any CPU
		{F15CAF0A-3B90-4545-835A-06965E5DB240}.Debug|Any CPU.Build.0 = Debug|Any CPU
		{F15CAF0A-3B90-4545-835A-06965E5DB240}.Release|Any CPU.ActiveCfg = Release|Any CPU
		{F15CAF0A-3B90-4545-835A-06965E5DB240}.Release|Any CPU.Build.0 = Release|Any CPU
		{CDE849CD-8FC0-4D25-B7C6-B2C437B1AC62}.Debug|Any CPU.ActiveCfg = Debug|Any CPU
		{CDE849CD-8FC0-4D25-B7C6-B2C437B1AC62}.Debug|Any CPU.Build.0 = Debug|Any CPU
		{CDE849CD-8FC0-4D25-B7C6-B2C437B1AC62}.Release|Any CPU.ActiveCfg = Release|Any CPU
		{CDE849CD-8FC0-4D25-B7C6-B2C437B1AC62}.Release|Any CPU.Build.0 = Release|Any CPU
	EndGlobalSection
	GlobalSection(SolutionProperties) = preSolution
		HideSolutionNode = FALSE
	EndGlobalSection
	GlobalSection(ExtensibilityGlobals) = postSolution
		SolutionGuid = {D0C1B336-0D9F-4725-A433-9D1C1E090863}
	EndGlobalSection
EndGlobal
